
Microsoft Visual Studio Solution File, Format Version 12.00
# Visual Studio Version 17
VisualStudioVersion = 17.8.34525.116
MinimumVisualStudioVersion = 10.0.40219.1
Project("{2150E333-8FDC-42A3-9474-1A3956D46DE8}") = "WindowsForms.SmallProjects1", "WindowsForms.SmallProjects1", "{445EB774-8878-4F43-8621-DC1CF6C8EC7E}"
EndProject
Project("{9A19103F-16F7-4668-BE54-9A1E7A4F7556}") = "Auth", "Auth\Auth.csproj", "{02937325-2743-4FDD-AE3C-A1BB2DE66841}"
EndProject
Project("{2150E333-8FDC-42A3-9474-1A3956D46DE8}") = "Generators", "Generators", "{D4005A7B-8170-4D6C-9794-253BACB203AC}"
EndProject
Project("{9A19103F-16F7-4668-BE54-9A1E7A4F7556}") = "CSharp.SqlClient.SourceGenerators", "CSharp.SqlClient.SourceGenerators\CSharp.SqlClient.SourceGenerators.csproj", "{1E03CD1F-05B4-4836-967D-8DE24018D424}"
EndProject
Project("{9A19103F-16F7-4668-BE54-9A1E7A4F7556}") = "24_11_2019", "24_11_2019\24_11_2019.csproj", "{8FDCE379-37B5-4A4E-9DBC-5D9AD54DC825}"
EndProject
Project("{9A19103F-16F7-4668-BE54-9A1E7A4F7556}") = "Domaci2023", "Domaci2023\Domaci2023.csproj", "{0F236435-926E-49EA-BC3F-F2E5925C1091}"
EndProject
Project("{9A19103F-16F7-4668-BE54-9A1E7A4F7556}") = "Kolokvijum2023Termin1", "Kolokvijum2023Termin1\Kolokvijum2023Termin1.csproj", "{2DA08D54-874D-4A11-AE51-A9948AFD9837}"
EndProject
Project("{9A19103F-16F7-4668-BE54-9A1E7A4F7556}") = "cet09", "cet09\cet09.csproj", "{D7FEC3D4-3BA4-4DE3-9AA9-48826C70811D}"
EndProject
Project("{9A19103F-16F7-4668-BE54-9A1E7A4F7556}") = "Kolokvijum2023Termin2", "Kolokvijum2023Termin2\Kolokvijum2023Termin2.csproj", "{3322B7D5-9E8F-4EDB-A629-E282D47EC8E0}"
EndProject
Project("{9A19103F-16F7-4668-BE54-9A1E7A4F7556}") = "cet16", "cet16\cet16.csproj", "{57409708-FD89-4AFA-A2D7-1EED5A5FD908}"
EndProject
Project("{9A19103F-16F7-4668-BE54-9A1E7A4F7556}") = "Domaci2024", "Domaci2024\Domaci2024.csproj", "{E2D4D050-BFEE-4FD9-B3C7-74A4D3C779E0}"
EndProject
Project("{9A19103F-16F7-4668-BE54-9A1E7A4F7556}") = "pet09", "pet09\pet09.csproj", "{72284101-EF31-4AA8-9AD9-DD214F906133}"
EndProject
Project("{2150E333-8FDC-42A3-9474-1A3956D46DE8}") = "API.SmallProjects", "API.SmallProjects", "{D392E80F-C2DE-4F22-874A-463A519D92D0}"
EndProject
Project("{FAE04EC0-301F-11D3-BF4B-00C04F79EFBC}") = "PA.MinimalAPI", "PA.MinimalAPI\PA.MinimalAPI.csproj", "{0556E46C-5482-435C-A6A9-F1CFB0F9EB41}"
EndProject
Project("{FAE04EC0-301F-11D3-BF4B-00C04F79EFBC}") = "W.API", "W.API\W.API.csproj", "{AC9C5504-07B7-4BCE-BFDC-874D2DBAD605}"
EndProject
Project("{2150E333-8FDC-42A3-9474-1A3956D46DE8}") = "ConsoleApps", "ConsoleApps", "{91E8FA13-49B1-4CF9-ACD1-EB03F53E7447}"
EndProject
Project("{FAE04EC0-301F-11D3-BF4B-00C04F79EFBC}") = "RecommenderHttpTest", "ConsoleApp1\RecommenderHttpTest.csproj", "{EB617B34-B76E-4FFD-84AD-BBEFAE28F3F1}"
EndProject
Project("{FAE04EC0-301F-11D3-BF4B-00C04F79EFBC}") = "SpiderCascadeVsClientCascadeBenchmark", "SpiderCascadeVsClientCascadeBenchmark\SpiderCascadeVsClientCascadeBenchmark.csproj", "{296E0410-28F3-42C4-8DDB-731EAD48C661}"
EndProject
Project("{FAE04EC0-301F-11D3-BF4B-00C04F79EFBC}") = "Spider.Shared", "..\..\SpiderFramework\spider-framework\Spider.Shared\Spider.Shared.csproj", "{BB9D2071-AB3B-4A11-813D-900414EEE80F}"
EndProject
Project("{FAE04EC0-301F-11D3-BF4B-00C04F79EFBC}") = "PowershellProcesses", "PowershellProcesses\PowershellProcesses.csproj", "{1FD9BECA-DE71-4A28-BC30-38EACA055982}"
EndProject
Project("{2150E333-8FDC-42A3-9474-1A3956D46DE8}") = "WindowsForms.SmallProjects2", "WindowsForms.SmallProjects2", "{C4D8FB81-4A67-4625-AB55-A65C23F63C1C}"
EndProject
Project("{FAE04EC0-301F-11D3-BF4B-00C04F79EFBC}") = "11_07_2025_klk_server", "11_07_2025_klk_server\11_07_2025_klk_server.csproj", "{CFF5D896-BAAA-4F14-8FC1-AFC0D8F9AA8A}"
EndProject
Project("{FAE04EC0-301F-11D3-BF4B-00C04F79EFBC}") = "11_07_2025_klk_client", "11_07_2025_klk_client\11_07_2025_klk_client.csproj", "{F1E68168-81B3-481C-A1F7-97B9AA5D636A}"
EndProject
Project("{FAE04EC0-301F-11D3-BF4B-00C04F79EFBC}") = "02_07_2025_server", "02_07_2025_server\02_07_2025_server.csproj", "{1CCE30C1-589A-417F-88EA-FC63AA59AC9A}"
EndProject
Project("{FAE04EC0-301F-11D3-BF4B-00C04F79EFBC}") = "02_07_2025_client", "02_07_2025_client\02_07_2025_client.csproj", "{CC22AB7B-9DA0-44C7-A4C9-FAE48E3DE9DB}"
EndProject
Project("{FAE04EC0-301F-11D3-BF4B-00C04F79EFBC}") = "vesala_server", "vesala_client\vesala_server.csproj", "{2F5AC7E7-D380-4DDF-A7E7-0E979CF0008C}"
EndProject
Project("{FAE04EC0-301F-11D3-BF4B-00C04F79EFBC}") = "vesala_client", "vesala_server\vesala_client.csproj", "{3B9F1C2D-387C-490B-A3C6-F43C72A6BC28}"
EndProject
Global
	GlobalSection(SolutionConfigurationPlatforms) = preSolution
		Debug|Any CPU = Debug|Any CPU
		Release|Any CPU = Release|Any CPU
	EndGlobalSection
	GlobalSection(ProjectConfigurationPlatforms) = postSolution
		{02937325-2743-4FDD-AE3C-A1BB2DE66841}.Debug|Any CPU.ActiveCfg = Debug|Any CPU
		{02937325-2743-4FDD-AE3C-A1BB2DE66841}.Debug|Any CPU.Build.0 = Debug|Any CPU
		{02937325-2743-4FDD-AE3C-A1BB2DE66841}.Release|Any CPU.ActiveCfg = Release|Any CPU
		{02937325-2743-4FDD-AE3C-A1BB2DE66841}.Release|Any CPU.Build.0 = Release|Any CPU
		{1E03CD1F-05B4-4836-967D-8DE24018D424}.Debug|Any CPU.ActiveCfg = Debug|Any CPU
		{1E03CD1F-05B4-4836-967D-8DE24018D424}.Debug|Any CPU.Build.0 = Debug|Any CPU
		{1E03CD1F-05B4-4836-967D-8DE24018D424}.Release|Any CPU.ActiveCfg = Release|Any CPU
		{1E03CD1F-05B4-4836-967D-8DE24018D424}.Release|Any CPU.Build.0 = Release|Any CPU
		{8FDCE379-37B5-4A4E-9DBC-5D9AD54DC825}.Debug|Any CPU.ActiveCfg = Debug|Any CPU
		{8FDCE379-37B5-4A4E-9DBC-5D9AD54DC825}.Debug|Any CPU.Build.0 = Debug|Any CPU
		{8FDCE379-37B5-4A4E-9DBC-5D9AD54DC825}.Release|Any CPU.ActiveCfg = Release|Any CPU
		{8FDCE379-37B5-4A4E-9DBC-5D9AD54DC825}.Release|Any CPU.Build.0 = Release|Any CPU
		{0F236435-926E-49EA-BC3F-F2E5925C1091}.Debug|Any CPU.ActiveCfg = Debug|Any CPU
		{0F236435-926E-49EA-BC3F-F2E5925C1091}.Debug|Any CPU.Build.0 = Debug|Any CPU
		{0F236435-926E-49EA-BC3F-F2E5925C1091}.Release|Any CPU.ActiveCfg = Release|Any CPU
		{0F236435-926E-49EA-BC3F-F2E5925C1091}.Release|Any CPU.Build.0 = Release|Any CPU
		{2DA08D54-874D-4A11-AE51-A9948AFD9837}.Debug|Any CPU.ActiveCfg = Debug|Any CPU
		{2DA08D54-874D-4A11-AE51-A9948AFD9837}.Debug|Any CPU.Build.0 = Debug|Any CPU
		{2DA08D54-874D-4A11-AE51-A9948AFD9837}.Release|Any CPU.ActiveCfg = Release|Any CPU
		{2DA08D54-874D-4A11-AE51-A9948AFD9837}.Release|Any CPU.Build.0 = Release|Any CPU
		{D7FEC3D4-3BA4-4DE3-9AA9-48826C70811D}.Debug|Any CPU.ActiveCfg = Debug|Any CPU
		{D7FEC3D4-3BA4-4DE3-9AA9-48826C70811D}.Debug|Any CPU.Build.0 = Debug|Any CPU
		{D7FEC3D4-3BA4-4DE3-9AA9-48826C70811D}.Release|Any CPU.ActiveCfg = Release|Any CPU
		{D7FEC3D4-3BA4-4DE3-9AA9-48826C70811D}.Release|Any CPU.Build.0 = Release|Any CPU
		{3322B7D5-9E8F-4EDB-A629-E282D47EC8E0}.Debug|Any CPU.ActiveCfg = Debug|Any CPU
		{3322B7D5-9E8F-4EDB-A629-E282D47EC8E0}.Debug|Any CPU.Build.0 = Debug|Any CPU
		{3322B7D5-9E8F-4EDB-A629-E282D47EC8E0}.Release|Any CPU.ActiveCfg = Release|Any CPU
		{3322B7D5-9E8F-4EDB-A629-E282D47EC8E0}.Release|Any CPU.Build.0 = Release|Any CPU
		{57409708-FD89-4AFA-A2D7-1EED5A5FD908}.Debug|Any CPU.ActiveCfg = Debug|Any CPU
		{57409708-FD89-4AFA-A2D7-1EED5A5FD908}.Debug|Any CPU.Build.0 = Debug|Any CPU
		{57409708-FD89-4AFA-A2D7-1EED5A5FD908}.Release|Any CPU.ActiveCfg = Release|Any CPU
		{57409708-FD89-4AFA-A2D7-1EED5A5FD908}.Release|Any CPU.Build.0 = Release|Any CPU
		{E2D4D050-BFEE-4FD9-B3C7-74A4D3C779E0}.Debug|Any CPU.ActiveCfg = Debug|Any CPU
		{E2D4D050-BFEE-4FD9-B3C7-74A4D3C779E0}.Debug|Any CPU.Build.0 = Debug|Any CPU
		{E2D4D050-BFEE-4FD9-B3C7-74A4D3C779E0}.Release|Any CPU.ActiveCfg = Release|Any CPU
		{E2D4D050-BFEE-4FD9-B3C7-74A4D3C779E0}.Release|Any CPU.Build.0 = Release|Any CPU
		{72284101-EF31-4AA8-9AD9-DD214F906133}.Debug|Any CPU.ActiveCfg = Debug|Any CPU
		{72284101-EF31-4AA8-9AD9-DD214F906133}.Debug|Any CPU.Build.0 = Debug|Any CPU
		{72284101-EF31-4AA8-9AD9-DD214F906133}.Release|Any CPU.ActiveCfg = Release|Any CPU
		{72284101-EF31-4AA8-9AD9-DD214F906133}.Release|Any CPU.Build.0 = Release|Any CPU
		{0556E46C-5482-435C-A6A9-F1CFB0F9EB41}.Debug|Any CPU.ActiveCfg = Debug|Any CPU
		{0556E46C-5482-435C-A6A9-F1CFB0F9EB41}.Debug|Any CPU.Build.0 = Debug|Any CPU
		{0556E46C-5482-435C-A6A9-F1CFB0F9EB41}.Release|Any CPU.ActiveCfg = Release|Any CPU
		{0556E46C-5482-435C-A6A9-F1CFB0F9EB41}.Release|Any CPU.Build.0 = Release|Any CPU
		{AC9C5504-07B7-4BCE-BFDC-874D2DBAD605}.Debug|Any CPU.ActiveCfg = Debug|Any CPU
		{AC9C5504-07B7-4BCE-BFDC-874D2DBAD605}.Debug|Any CPU.Build.0 = Debug|Any CPU
		{AC9C5504-07B7-4BCE-BFDC-874D2DBAD605}.Release|Any CPU.ActiveCfg = Release|Any CPU
		{AC9C5504-07B7-4BCE-BFDC-874D2DBAD605}.Release|Any CPU.Build.0 = Release|Any CPU
		{EB617B34-B76E-4FFD-84AD-BBEFAE28F3F1}.Debug|Any CPU.ActiveCfg = Debug|Any CPU
		{EB617B34-B76E-4FFD-84AD-BBEFAE28F3F1}.Debug|Any CPU.Build.0 = Debug|Any CPU
		{EB617B34-B76E-4FFD-84AD-BBEFAE28F3F1}.Release|Any CPU.ActiveCfg = Release|Any CPU
		{EB617B34-B76E-4FFD-84AD-BBEFAE28F3F1}.Release|Any CPU.Build.0 = Release|Any CPU
		{296E0410-28F3-42C4-8DDB-731EAD48C661}.Debug|Any CPU.ActiveCfg = Debug|Any CPU
		{296E0410-28F3-42C4-8DDB-731EAD48C661}.Debug|Any CPU.Build.0 = Debug|Any CPU
		{296E0410-28F3-42C4-8DDB-731EAD48C661}.Release|Any CPU.ActiveCfg = Release|Any CPU
		{296E0410-28F3-42C4-8DDB-731EAD48C661}.Release|Any CPU.Build.0 = Release|Any CPU
		{BB9D2071-AB3B-4A11-813D-900414EEE80F}.Debug|Any CPU.ActiveCfg = Debug|Any CPU
		{BB9D2071-AB3B-4A11-813D-900414EEE80F}.Debug|Any CPU.Build.0 = Debug|Any CPU
		{BB9D2071-AB3B-4A11-813D-900414EEE80F}.Release|Any CPU.ActiveCfg = Release|Any CPU
		{BB9D2071-AB3B-4A11-813D-900414EEE80F}.Release|Any CPU.Build.0 = Release|Any CPU
		{1FD9BECA-DE71-4A28-BC30-38EACA055982}.Debug|Any CPU.ActiveCfg = Debug|Any CPU
		{1FD9BECA-DE71-4A28-BC30-38EACA055982}.Debug|Any CPU.Build.0 = Debug|Any CPU
		{1FD9BECA-DE71-4A28-BC30-38EACA055982}.Release|Any CPU.ActiveCfg = Release|Any CPU
		{1FD9BECA-DE71-4A28-BC30-38EACA055982}.Release|Any CPU.Build.0 = Release|Any CPU
		{CFF5D896-BAAA-4F14-8FC1-AFC0D8F9AA8A}.Debug|Any CPU.ActiveCfg = Debug|Any CPU
		{CFF5D896-BAAA-4F14-8FC1-AFC0D8F9AA8A}.Debug|Any CPU.Build.0 = Debug|Any CPU
		{CFF5D896-BAAA-4F14-8FC1-AFC0D8F9AA8A}.Release|Any CPU.ActiveCfg = Release|Any CPU
		{CFF5D896-BAAA-4F14-8FC1-AFC0D8F9AA8A}.Release|Any CPU.Build.0 = Release|Any CPU
		{F1E68168-81B3-481C-A1F7-97B9AA5D636A}.Debug|Any CPU.ActiveCfg = Debug|Any CPU
		{F1E68168-81B3-481C-A1F7-97B9AA5D636A}.Debug|Any CPU.Build.0 = Debug|Any CPU
		{F1E68168-81B3-481C-A1F7-97B9AA5D636A}.Release|Any CPU.ActiveCfg = Release|Any CPU
		{F1E68168-81B3-481C-A1F7-97B9AA5D636A}.Release|Any CPU.Build.0 = Release|Any CPU
		{1CCE30C1-589A-417F-88EA-FC63AA59AC9A}.Debug|Any CPU.ActiveCfg = Debug|Any CPU
		{1CCE30C1-589A-417F-88EA-FC63AA59AC9A}.Debug|Any CPU.Build.0 = Debug|Any CPU
		{1CCE30C1-589A-417F-88EA-FC63AA59AC9A}.Release|Any CPU.ActiveCfg = Release|Any CPU
		{1CCE30C1-589A-417F-88EA-FC63AA59AC9A}.Release|Any CPU.Build.0 = Release|Any CPU
		{CC22AB7B-9DA0-44C7-A4C9-FAE48E3DE9DB}.Debug|Any CPU.ActiveCfg = Debug|Any CPU
		{CC22AB7B-9DA0-44C7-A4C9-FAE48E3DE9DB}.Debug|Any CPU.Build.0 = Debug|Any CPU
		{CC22AB7B-9DA0-44C7-A4C9-FAE48E3DE9DB}.Release|Any CPU.ActiveCfg = Release|Any CPU
		{CC22AB7B-9DA0-44C7-A4C9-FAE48E3DE9DB}.Release|Any CPU.Build.0 = Release|Any CPU
		{2F5AC7E7-D380-4DDF-A7E7-0E979CF0008C}.Debug|Any CPU.ActiveCfg = Debug|Any CPU
		{2F5AC7E7-D380-4DDF-A7E7-0E979CF0008C}.Debug|Any CPU.Build.0 = Debug|Any CPU
		{2F5AC7E7-D380-4DDF-A7E7-0E979CF0008C}.Release|Any CPU.ActiveCfg = Release|Any CPU
		{2F5AC7E7-D380-4DDF-A7E7-0E979CF0008C}.Release|Any CPU.Build.0 = Release|Any CPU
		{3B9F1C2D-387C-490B-A3C6-F43C72A6BC28}.Debug|Any CPU.ActiveCfg = Debug|Any CPU
		{3B9F1C2D-387C-490B-A3C6-F43C72A6BC28}.Debug|Any CPU.Build.0 = Debug|Any CPU
		{3B9F1C2D-387C-490B-A3C6-F43C72A6BC28}.Release|Any CPU.ActiveCfg = Release|Any CPU
		{3B9F1C2D-387C-490B-A3C6-F43C72A6BC28}.Release|Any CPU.Build.0 = Release|Any CPU
	EndGlobalSection
	GlobalSection(SolutionProperties) = preSolution
		HideSolutionNode = FALSE
	EndGlobalSection
	GlobalSection(NestedProjects) = preSolution
		{02937325-2743-4FDD-AE3C-A1BB2DE66841} = {445EB774-8878-4F43-8621-DC1CF6C8EC7E}
		{1E03CD1F-05B4-4836-967D-8DE24018D424} = {D4005A7B-8170-4D6C-9794-253BACB203AC}
		{8FDCE379-37B5-4A4E-9DBC-5D9AD54DC825} = {445EB774-8878-4F43-8621-DC1CF6C8EC7E}
		{0F236435-926E-49EA-BC3F-F2E5925C1091} = {445EB774-8878-4F43-8621-DC1CF6C8EC7E}
		{2DA08D54-874D-4A11-AE51-A9948AFD9837} = {445EB774-8878-4F43-8621-DC1CF6C8EC7E}
		{D7FEC3D4-3BA4-4DE3-9AA9-48826C70811D} = {445EB774-8878-4F43-8621-DC1CF6C8EC7E}
		{3322B7D5-9E8F-4EDB-A629-E282D47EC8E0} = {445EB774-8878-4F43-8621-DC1CF6C8EC7E}
		{57409708-FD89-4AFA-A2D7-1EED5A5FD908} = {445EB774-8878-4F43-8621-DC1CF6C8EC7E}
		{E2D4D050-BFEE-4FD9-B3C7-74A4D3C779E0} = {445EB774-8878-4F43-8621-DC1CF6C8EC7E}
		{72284101-EF31-4AA8-9AD9-DD214F906133} = {445EB774-8878-4F43-8621-DC1CF6C8EC7E}
		{0556E46C-5482-435C-A6A9-F1CFB0F9EB41} = {D392E80F-C2DE-4F22-874A-463A519D92D0}
		{AC9C5504-07B7-4BCE-BFDC-874D2DBAD605} = {D392E80F-C2DE-4F22-874A-463A519D92D0}
		{EB617B34-B76E-4FFD-84AD-BBEFAE28F3F1} = {91E8FA13-49B1-4CF9-ACD1-EB03F53E7447}
		{296E0410-28F3-42C4-8DDB-731EAD48C661} = {91E8FA13-49B1-4CF9-ACD1-EB03F53E7447}
		{BB9D2071-AB3B-4A11-813D-900414EEE80F} = {91E8FA13-49B1-4CF9-ACD1-EB03F53E7447}
		{1FD9BECA-DE71-4A28-BC30-38EACA055982} = {91E8FA13-49B1-4CF9-ACD1-EB03F53E7447}
		{CFF5D896-BAAA-4F14-8FC1-AFC0D8F9AA8A} = {C4D8FB81-4A67-4625-AB55-A65C23F63C1C}
		{F1E68168-81B3-481C-A1F7-97B9AA5D636A} = {C4D8FB81-4A67-4625-AB55-A65C23F63C1C}
		{1CCE30C1-589A-417F-88EA-FC63AA59AC9A} = {C4D8FB81-4A67-4625-AB55-A65C23F63C1C}
		{CC22AB7B-9DA0-44C7-A4C9-FAE48E3DE9DB} = {C4D8FB81-4A67-4625-AB55-A65C23F63C1C}
		{2F5AC7E7-D380-4DDF-A7E7-0E979CF0008C} = {C4D8FB81-4A67-4625-AB55-A65C23F63C1C}
		{3B9F1C2D-387C-490B-A3C6-F43C72A6BC28} = {C4D8FB81-4A67-4625-AB55-A65C23F63C1C}
	EndGlobalSection
	GlobalSection(ExtensibilityGlobals) = postSolution
		SolutionGuid = {FE02E5D3-1FBD-4972-B549-B32BBC5CBFE0}
	EndGlobalSection
EndGlobal
